
Microsoft Visual Studio Solution File, Format Version 12.00
# Visual Studio Version 17
VisualStudioVersion = 17.5.33414.496
MinimumVisualStudioVersion = 10.0.40219.1
Project("{FAE04EC0-301F-11D3-BF4B-00C04F79EFBC}") = "MemLeak.UWP", "MemLeak\MemLeak.UWP\MemLeak.UWP.csproj", "{8E1675C1-70F6-47F1-A3DB-FE4F6E0E6589}"
EndProject
Project("{FAE04EC0-301F-11D3-BF4B-00C04F79EFBC}") = "MemLeak.Android", "MemLeak\MemLeak.Android\MemLeak.Android.csproj", "{87F947AA-3762-47C7-AFE4-D9B04B2B87BB}"
EndProject
Project("{FAE04EC0-301F-11D3-BF4B-00C04F79EFBC}") = "MemLeak.iOS", "MemLeak\MemLeak.iOS\MemLeak.iOS.csproj", "{67B62F09-68FD-41CC-A1EB-E2AEDF2D4ED4}"
EndProject
Project("{FAE04EC0-301F-11D3-BF4B-00C04F79EFBC}") = "MemLeak", "MemLeak\MemLeak\MemLeak.csproj", "{E1073860-FDB1-4CF5-BFBB-08FA850E9C92}"
EndProject
Global
	GlobalSection(SolutionConfigurationPlatforms) = preSolution
		Debug|Any CPU = Debug|Any CPU
		Debug|ARM = Debug|ARM
		Debug|iPhone = Debug|iPhone
		Debug|iPhoneSimulator = Debug|iPhoneSimulator
		Debug|x64 = Debug|x64
		Debug|x86 = Debug|x86
		Release|Any CPU = Release|Any CPU
		Release|ARM = Release|ARM
		Release|iPhone = Release|iPhone
		Release|iPhoneSimulator = Release|iPhoneSimulator
		Release|x64 = Release|x64
		Release|x86 = Release|x86
	EndGlobalSection
	GlobalSection(ProjectConfigurationPlatforms) = postSolution
		{8E1675C1-70F6-47F1-A3DB-FE4F6E0E6589}.Debug|Any CPU.ActiveCfg = Debug|x64
		{8E1675C1-70F6-47F1-A3DB-FE4F6E0E6589}.Debug|Any CPU.Build.0 = Debug|x64
		{8E1675C1-70F6-47F1-A3DB-FE4F6E0E6589}.Debug|Any CPU.Deploy.0 = Debug|x64
		{8E1675C1-70F6-47F1-A3DB-FE4F6E0E6589}.Debug|ARM.ActiveCfg = Debug|ARM
		{8E1675C1-70F6-47F1-A3DB-FE4F6E0E6589}.Debug|ARM.Build.0 = Debug|ARM
		{8E1675C1-70F6-47F1-A3DB-FE4F6E0E6589}.Debug|ARM.Deploy.0 = Debug|ARM
		{8E1675C1-70F6-47F1-A3DB-FE4F6E0E6589}.Debug|iPhone.ActiveCfg = Debug|x64
		{8E1675C1-70F6-47F1-A3DB-FE4F6E0E6589}.Debug|iPhone.Build.0 = Debug|x64
		{8E1675C1-70F6-47F1-A3DB-FE4F6E0E6589}.Debug|iPhone.Deploy.0 = Debug|x64
		{8E1675C1-70F6-47F1-A3DB-FE4F6E0E6589}.Debug|iPhoneSimulator.ActiveCfg = Debug|x64
		{8E1675C1-70F6-47F1-A3DB-FE4F6E0E6589}.Debug|iPhoneSimulator.Build.0 = Debug|x64
		{8E1675C1-70F6-47F1-A3DB-FE4F6E0E6589}.Debug|iPhoneSimulator.Deploy.0 = Debug|x64
		{8E1675C1-70F6-47F1-A3DB-FE4F6E0E6589}.Debug|x64.ActiveCfg = Debug|x64
		{8E1675C1-70F6-47F1-A3DB-FE4F6E0E6589}.Debug|x64.Build.0 = Debug|x64
		{8E1675C1-70F6-47F1-A3DB-FE4F6E0E6589}.Debug|x64.Deploy.0 = Debug|x64
		{8E1675C1-70F6-47F1-A3DB-FE4F6E0E6589}.Debug|x86.ActiveCfg = Debug|x86
		{8E1675C1-70F6-47F1-A3DB-FE4F6E0E6589}.Debug|x86.Build.0 = Debug|x86
		{8E1675C1-70F6-47F1-A3DB-FE4F6E0E6589}.Debug|x86.Deploy.0 = Debug|x86
		{8E1675C1-70F6-47F1-A3DB-FE4F6E0E6589}.Release|Any CPU.ActiveCfg = Release|x64
		{8E1675C1-70F6-47F1-A3DB-FE4F6E0E6589}.Release|Any CPU.Build.0 = Release|x64
		{8E1675C1-70F6-47F1-A3DB-FE4F6E0E6589}.Release|Any CPU.Deploy.0 = Release|x64
		{8E1675C1-70F6-47F1-A3DB-FE4F6E0E6589}.Release|ARM.ActiveCfg = Release|ARM
		{8E1675C1-70F6-47F1-A3DB-FE4F6E0E6589}.Release|ARM.Build.0 = Release|ARM
		{8E1675C1-70F6-47F1-A3DB-FE4F6E0E6589}.Release|ARM.Deploy.0 = Release|ARM
		{8E1675C1-70F6-47F1-A3DB-FE4F6E0E6589}.Release|iPhone.ActiveCfg = Release|x64
		{8E1675C1-70F6-47F1-A3DB-FE4F6E0E6589}.Release|iPhone.Build.0 = Release|x64
		{8E1675C1-70F6-47F1-A3DB-FE4F6E0E6589}.Release|iPhone.Deploy.0 = Release|x64
		{8E1675C1-70F6-47F1-A3DB-FE4F6E0E6589}.Release|iPhoneSimulator.ActiveCfg = Release|x64
		{8E1675C1-70F6-47F1-A3DB-FE4F6E0E6589}.Release|iPhoneSimulator.Build.0 = Release|x64
		{8E1675C1-70F6-47F1-A3DB-FE4F6E0E6589}.Release|iPhoneSimulator.Deploy.0 = Release|x64
		{8E1675C1-70F6-47F1-A3DB-FE4F6E0E6589}.Release|x64.ActiveCfg = Release|x64
		{8E1675C1-70F6-47F1-A3DB-FE4F6E0E6589}.Release|x64.Build.0 = Release|x64
		{8E1675C1-70F6-47F1-A3DB-FE4F6E0E6589}.Release|x64.Deploy.0 = Release|x64
		{8E1675C1-70F6-47F1-A3DB-FE4F6E0E6589}.Release|x86.ActiveCfg = Release|x86
		{8E1675C1-70F6-47F1-A3DB-FE4F6E0E6589}.Release|x86.Build.0 = Release|x86
		{8E1675C1-70F6-47F1-A3DB-FE4F6E0E6589}.Release|x86.Deploy.0 = Release|x86
		{87F947AA-3762-47C7-AFE4-D9B04B2B87BB}.Debug|Any CPU.ActiveCfg = Debug|Any CPU
		{87F947AA-3762-47C7-AFE4-D9B04B2B87BB}.Debug|Any CPU.Build.0 = Debug|Any CPU
		{87F947AA-3762-47C7-AFE4-D9B04B2B87BB}.Debug|Any CPU.Deploy.0 = Debug|Any CPU
		{87F947AA-3762-47C7-AFE4-D9B04B2B87BB}.Debug|ARM.ActiveCfg = Debug|Any CPU
		{87F947AA-3762-47C7-AFE4-D9B04B2B87BB}.Debug|ARM.Build.0 = Debug|Any CPU
		{87F947AA-3762-47C7-AFE4-D9B04B2B87BB}.Debug|ARM.Deploy.0 = Debug|Any CPU
		{87F947AA-3762-47C7-AFE4-D9B04B2B87BB}.Debug|iPhone.ActiveCfg = Debug|Any CPU
		{87F947AA-3762-47C7-AFE4-D9B04B2B87BB}.Debug|iPhone.Build.0 = Debug|Any CPU
		{87F947AA-3762-47C7-AFE4-D9B04B2B87BB}.Debug|iPhone.Deploy.0 = Debug|Any CPU
		{87F947AA-3762-47C7-AFE4-D9B04B2B87BB}.Debug|iPhoneSimulator.ActiveCfg = Debug|Any CPU
		{87F947AA-3762-47C7-AFE4-D9B04B2B87BB}.Debug|iPhoneSimulator.Build.0 = Debug|Any CPU
		{87F947AA-3762-47C7-AFE4-D9B04B2B87BB}.Debug|iPhoneSimulator.Deploy.0 = Debug|Any CPU
		{87F947AA-3762-47C7-AFE4-D9B04B2B87BB}.Debug|x64.ActiveCfg = Debug|Any CPU
		{87F947AA-3762-47C7-AFE4-D9B04B2B87BB}.Debug|x64.Build.0 = Debug|Any CPU
		{87F947AA-3762-47C7-AFE4-D9B04B2B87BB}.Debug|x64.Deploy.0 = Debug|Any CPU
		{87F947AA-3762-47C7-AFE4-D9B04B2B87BB}.Debug|x86.ActiveCfg = Debug|Any CPU
		{87F947AA-3762-47C7-AFE4-D9B04B2B87BB}.Debug|x86.Build.0 = Debug|Any CPU
		{87F947AA-3762-47C7-AFE4-D9B04B2B87BB}.Debug|x86.Deploy.0 = Debug|Any CPU
		{87F947AA-3762-47C7-AFE4-D9B04B2B87BB}.Release|Any CPU.ActiveCfg = Release|Any CPU
		{87F947AA-3762-47C7-AFE4-D9B04B2B87BB}.Release|Any CPU.Build.0 = Release|Any CPU
		{87F947AA-3762-47C7-AFE4-D9B04B2B87BB}.Release|Any CPU.Deploy.0 = Release|Any CPU
		{87F947AA-3762-47C7-AFE4-D9B04B2B87BB}.Release|ARM.ActiveCfg = Release|Any CPU
		{87F947AA-3762-47C7-AFE4-D9B04B2B87BB}.Release|ARM.Build.0 = Release|Any CPU
		{87F947AA-3762-47C7-AFE4-D9B04B2B87BB}.Release|ARM.Deploy.0 = Release|Any CPU
		{87F947AA-3762-47C7-AFE4-D9B04B2B87BB}.Release|iPhone.ActiveCfg = Release|Any CPU
		{87F947AA-3762-47C7-AFE4-D9B04B2B87BB}.Release|iPhone.Build.0 = Release|Any CPU
		{87F947AA-3762-47C7-AFE4-D9B04B2B87BB}.Release|iPhone.Deploy.0 = Release|Any CPU
		{87F947AA-3762-47C7-AFE4-D9B04B2B87BB}.Release|iPhoneSimulator.ActiveCfg = Release|Any CPU
		{87F947AA-3762-47C7-AFE4-D9B04B2B87BB}.Release|iPhoneSimulator.Build.0 = Release|Any CPU
		{87F947AA-3762-47C7-AFE4-D9B04B2B87BB}.Release|iPhoneSimulator.Deploy.0 = Release|Any CPU
		{87F947AA-3762-47C7-AFE4-D9B04B2B87BB}.Release|x64.ActiveCfg = Release|Any CPU
		{87F947AA-3762-47C7-AFE4-D9B04B2B87BB}.Release|x64.Build.0 = Release|Any CPU
		{87F947AA-3762-47C7-AFE4-D9B04B2B87BB}.Release|x64.Deploy.0 = Release|Any CPU
		{87F947AA-3762-47C7-AFE4-D9B04B2B87BB}.Release|x86.ActiveCfg = Release|Any CPU
		{87F947AA-3762-47C7-AFE4-D9B04B2B87BB}.Release|x86.Build.0 = Release|Any CPU
		{87F947AA-3762-47C7-AFE4-D9B04B2B87BB}.Release|x86.Deploy.0 = Release|Any CPU
		{67B62F09-68FD-41CC-A1EB-E2AEDF2D4ED4}.Debug|Any CPU.ActiveCfg = Debug|iPhoneSimulator
		{67B62F09-68FD-41CC-A1EB-E2AEDF2D4ED4}.Debug|Any CPU.Build.0 = Debug|iPhoneSimulator
		{67B62F09-68FD-41CC-A1EB-E2AEDF2D4ED4}.Debug|Any CPU.Deploy.0 = Debug|iPhoneSimulator
		{67B62F09-68FD-41CC-A1EB-E2AEDF2D4ED4}.Debug|ARM.ActiveCfg = Debug|iPhoneSimulator
		{67B62F09-68FD-41CC-A1EB-E2AEDF2D4ED4}.Debug|ARM.Build.0 = Debug|iPhoneSimulator
		{67B62F09-68FD-41CC-A1EB-E2AEDF2D4ED4}.Debug|ARM.Deploy.0 = Debug|iPhoneSimulator
		{67B62F09-68FD-41CC-A1EB-E2AEDF2D4ED4}.Debug|iPhone.ActiveCfg = Debug|iPhone
		{67B62F09-68FD-41CC-A1EB-E2AEDF2D4ED4}.Debug|iPhone.Build.0 = Debug|iPhone
		{67B62F09-68FD-41CC-A1EB-E2AEDF2D4ED4}.Debug|iPhone.Deploy.0 = Debug|iPhone
		{67B62F09-68FD-41CC-A1EB-E2AEDF2D4ED4}.Debug|iPhoneSimulator.ActiveCfg = Debug|iPhoneSimulator
		{67B62F09-68FD-41CC-A1EB-E2AEDF2D4ED4}.Debug|iPhoneSimulator.Build.0 = Debug|iPhoneSimulator
		{67B62F09-68FD-41CC-A1EB-E2AEDF2D4ED4}.Debug|iPhoneSimulator.Deploy.0 = Debug|iPhoneSimulator
		{67B62F09-68FD-41CC-A1EB-E2AEDF2D4ED4}.Debug|x64.ActiveCfg = Debug|iPhone
		{67B62F09-68FD-41CC-A1EB-E2AEDF2D4ED4}.Debug|x64.Build.0 = Debug|iPhone
		{67B62F09-68FD-41CC-A1EB-E2AEDF2D4ED4}.Debug|x64.Deploy.0 = Debug|iPhone
		{67B62F09-68FD-41CC-A1EB-E2AEDF2D4ED4}.Debug|x86.ActiveCfg = Debug|iPhoneSimulator
		{67B62F09-68FD-41CC-A1EB-E2AEDF2D4ED4}.Debug|x86.Build.0 = Debug|iPhoneSimulator
		{67B62F09-68FD-41CC-A1EB-E2AEDF2D4ED4}.Debug|x86.Deploy.0 = Debug|iPhoneSimulator
		{67B62F09-68FD-41CC-A1EB-E2AEDF2D4ED4}.Release|Any CPU.ActiveCfg = Release|iPhoneSimulator
		{67B62F09-68FD-41CC-A1EB-E2AEDF2D4ED4}.Release|Any CPU.Build.0 = Release|iPhoneSimulator
		{67B62F09-68FD-41CC-A1EB-E2AEDF2D4ED4}.Release|Any CPU.Deploy.0 = Release|iPhoneSimulator
		{67B62F09-68FD-41CC-A1EB-E2AEDF2D4ED4}.Release|ARM.ActiveCfg = Release|iPhoneSimulator
		{67B62F09-68FD-41CC-A1EB-E2AEDF2D4ED4}.Release|ARM.Build.0 = Release|iPhoneSimulator
		{67B62F09-68FD-41CC-A1EB-E2AEDF2D4ED4}.Release|ARM.Deploy.0 = Release|iPhoneSimulator
		{67B62F09-68FD-41CC-A1EB-E2AEDF2D4ED4}.Release|iPhone.ActiveCfg = Release|iPhone
		{67B62F09-68FD-41CC-A1EB-E2AEDF2D4ED4}.Release|iPhone.Build.0 = Release|iPhone
		{67B62F09-68FD-41CC-A1EB-E2AEDF2D4ED4}.Release|iPhone.Deploy.0 = Release|iPhone
		{67B62F09-68FD-41CC-A1EB-E2AEDF2D4ED4}.Release|iPhoneSimulator.ActiveCfg = Release|iPhoneSimulator
		{67B62F09-68FD-41CC-A1EB-E2AEDF2D4ED4}.Release|iPhoneSimulator.Build.0 = Release|iPhoneSimulator
		{67B62F09-68FD-41CC-A1EB-E2AEDF2D4ED4}.Release|iPhoneSimulator.Deploy.0 = Release|iPhoneSimulator
		{67B62F09-68FD-41CC-A1EB-E2AEDF2D4ED4}.Release|x64.ActiveCfg = Release|iPhoneSimulator
		{67B62F09-68FD-41CC-A1EB-E2AEDF2D4ED4}.Release|x64.Build.0 = Release|iPhoneSimulator
		{67B62F09-68FD-41CC-A1EB-E2AEDF2D4ED4}.Release|x64.Deploy.0 = Release|iPhoneSimulator
		{67B62F09-68FD-41CC-A1EB-E2AEDF2D4ED4}.Release|x86.ActiveCfg = Release|iPhoneSimulator
		{67B62F09-68FD-41CC-A1EB-E2AEDF2D4ED4}.Release|x86.Build.0 = Release|iPhoneSimulator
		{67B62F09-68FD-41CC-A1EB-E2AEDF2D4ED4}.Release|x86.Deploy.0 = Release|iPhoneSimulator
		{E1073860-FDB1-4CF5-BFBB-08FA850E9C92}.Debug|Any CPU.ActiveCfg = Debug|Any CPU
		{E1073860-FDB1-4CF5-BFBB-08FA850E9C92}.Debug|Any CPU.Build.0 = Debug|Any CPU
		{E1073860-FDB1-4CF5-BFBB-08FA850E9C92}.Debug|Any CPU.Deploy.0 = Debug|Any CPU
		{E1073860-FDB1-4CF5-BFBB-08FA850E9C92}.Debug|ARM.ActiveCfg = Debug|Any CPU
		{E1073860-FDB1-4CF5-BFBB-08FA850E9C92}.Debug|ARM.Build.0 = Debug|Any CPU
		{E1073860-FDB1-4CF5-BFBB-08FA850E9C92}.Debug|ARM.Deploy.0 = Debug|Any CPU
		{E1073860-FDB1-4CF5-BFBB-08FA850E9C92}.Debug|iPhone.ActiveCfg = Debug|Any CPU
		{E1073860-FDB1-4CF5-BFBB-08FA850E9C92}.Debug|iPhone.Build.0 = Debug|Any CPU
		{E1073860-FDB1-4CF5-BFBB-08FA850E9C92}.Debug|iPhone.Deploy.0 = Debug|Any CPU
		{E1073860-FDB1-4CF5-BFBB-08FA850E9C92}.Debug|iPhoneSimulator.ActiveCfg = Debug|Any CPU
		{E1073860-FDB1-4CF5-BFBB-08FA850E9C92}.Debug|iPhoneSimulator.Build.0 = Debug|Any CPU
		{E1073860-FDB1-4CF5-BFBB-08FA850E9C92}.Debug|iPhoneSimulator.Deploy.0 = Debug|Any CPU
		{E1073860-FDB1-4CF5-BFBB-08FA850E9C92}.Debug|x64.ActiveCfg = Debug|Any CPU
		{E1073860-FDB1-4CF5-BFBB-08FA850E9C92}.Debug|x64.Build.0 = Debug|Any CPU
		{E1073860-FDB1-4CF5-BFBB-08FA850E9C92}.Debug|x64.Deploy.0 = Debug|Any CPU
		{E1073860-FDB1-4CF5-BFBB-08FA850E9C92}.Debug|x86.ActiveCfg = Debug|Any CPU
		{E1073860-FDB1-4CF5-BFBB-08FA850E9C92}.Debug|x86.Build.0 = Debug|Any CPU
		{E1073860-FDB1-4CF5-BFBB-08FA850E9C92}.Debug|x86.Deploy.0 = Debug|Any CPU
		{E1073860-FDB1-4CF5-BFBB-08FA850E9C92}.Release|Any CPU.ActiveCfg = Release|Any CPU
		{E1073860-FDB1-4CF5-BFBB-08FA850E9C92}.Release|Any CPU.Build.0 = Release|Any CPU
		{E1073860-FDB1-4CF5-BFBB-08FA850E9C92}.Release|Any CPU.Deploy.0 = Release|Any CPU
		{E1073860-FDB1-4CF5-BFBB-08FA850E9C92}.Release|ARM.ActiveCfg = Release|Any CPU
		{E1073860-FDB1-4CF5-BFBB-08FA850E9C92}.Release|ARM.Build.0 = Release|Any CPU
		{E1073860-FDB1-4CF5-BFBB-08FA850E9C92}.Release|ARM.Deploy.0 = Release|Any CPU
		{E1073860-FDB1-4CF5-BFBB-08FA850E9C92}.Release|iPhone.ActiveCfg = Release|Any CPU
		{E1073860-FDB1-4CF5-BFBB-08FA850E9C92}.Release|iPhone.Build.0 = Release|Any CPU
		{E1073860-FDB1-4CF5-BFBB-08FA850E9C92}.Release|iPhone.Deploy.0 = Release|Any CPU
		{E1073860-FDB1-4CF5-BFBB-08FA850E9C92}.Release|iPhoneSimulator.ActiveCfg = Release|Any CPU
		{E1073860-FDB1-4CF5-BFBB-08FA850E9C92}.Release|iPhoneSimulator.Build.0 = Release|Any CPU
		{E1073860-FDB1-4CF5-BFBB-08FA850E9C92}.Release|iPhoneSimulator.Deploy.0 = Release|Any CPU
		{E1073860-FDB1-4CF5-BFBB-08FA850E9C92}.Release|x64.ActiveCfg = Release|Any CPU
		{E1073860-FDB1-4CF5-BFBB-08FA850E9C92}.Release|x64.Build.0 = Release|Any CPU
		{E1073860-FDB1-4CF5-BFBB-08FA850E9C92}.Release|x64.Deploy.0 = Release|Any CPU
		{E1073860-FDB1-4CF5-BFBB-08FA850E9C92}.Release|x86.ActiveCfg = Release|Any CPU
		{E1073860-FDB1-4CF5-BFBB-08FA850E9C92}.Release|x86.Build.0 = Release|Any CPU
		{E1073860-FDB1-4CF5-BFBB-08FA850E9C92}.Release|x86.Deploy.0 = Release|Any CPU
	EndGlobalSection
	GlobalSection(SolutionProperties) = preSolution
		HideSolutionNode = FALSE
	EndGlobalSection
	GlobalSection(ExtensibilityGlobals) = postSolution
		SolutionGuid = {DF99EF55-3B2D-4835-AE3E-BAB74BD8820F}
	EndGlobalSection
EndGlobal
